Microsoft Visual Studio Solution File, Format Version 12.00
# Visual Studio Version 17
VisualStudioVersion = 17.5.2.0
MinimumVisualStudioVersion = 10.0.40219.1
Project("{2150E333-8FDC-42A3-9474-1A3956D46DE8}") = "src", "src", "{827E0CD3-B72D-47B6-A68D-7590B98EB39B}"
EndProject
Project("{2150E333-8FDC-42A3-9474-1A3956D46DE8}") = "Cms.UserService", "Cms.UserService", "{D06B949C-EBB3-6B25-845F-173682F8D6F2}"
EndProject
Project("{2150E333-8FDC-42A3-9474-1A3956D46DE8}") = "src", "src", "{355F96E8-A44C-906C-B129-EC571FB21790}"
EndProject
Project("{2150E333-8FDC-42A3-9474-1A3956D46DE8}") = "Cli", "Cli", "{F0A7D77B-6039-100A-A872-45BAA7A46B78}"
EndProject
Project("{FAE04EC0-301F-11D3-BF4B-00C04F79EFBC}") = "Cms.UserService.Cli", "src\Cms.UserService\src\Cli\src\Cms.UserService.Cli.csproj", "{0C59CD0C-4425-8F6A-C911-97E726B40AA1}"
EndProject
Project("{2150E333-8FDC-42A3-9474-1A3956D46DE8}") = "Api", "Api", "{EAEDFFC8-D4D6-FFA4-1E49-4BD49A4442E6}"
EndProject
Project("{FAE04EC0-301F-11D3-BF4B-00C04F79EFBC}") = "Cms.UserService.Api", "src\Cms.UserService\src\Api\src\Cms.UserService.Api.csproj", "{1A7D6099-AA52-71DF-0B43-F6A37EE8726F}"
EndProject
Project("{2150E333-8FDC-42A3-9474-1A3956D46DE8}") = "Application", "Application", "{64868A33-1EA2-58B7-08D5-BED73A966085}"
EndProject
Project("{FAE04EC0-301F-11D3-BF4B-00C04F79EFBC}") = "Cms.UserService.Application", "src\Cms.UserService\src\Application\src\Cms.UserService.Application.csproj", "{D78123B3-82A2-C0DD-8A90-D319C7CE67F4}"
EndProject
Project("{2150E333-8FDC-42A3-9474-1A3956D46DE8}") = "Infrastructure", "Infrastructure", "{24C6A152-E05A-46CF-9705-B317FE908350}"
EndProject
Project("{FAE04EC0-301F-11D3-BF4B-00C04F79EFBC}") = "Cms.UserService.Infrastructure", "src\Cms.UserService\src\Infrastructure\src\Cms.UserService.Infrastructure.csproj", "{2E031B46-69A6-9A92-4589-907867A7D22C}"
EndProject
Project("{2150E333-8FDC-42A3-9474-1A3956D46DE8}") = "Domain", "Domain", "{DB6F73F1-D636-2B3A-FB1D-B35EC4F6FEEF}"
EndProject
Project("{FAE04EC0-301F-11D3-BF4B-00C04F79EFBC}") = "Cms.UserService.Domain", "src\Cms.UserService\src\Domain\src\Cms.UserService.Domain.csproj", "{E3DF75B1-EC84-8DCC-A943-18206F72FF00}"
EndProject
Global
	GlobalSection(SolutionConfigurationPlatforms) = preSolution
		Debug|Any CPU = Debug|Any CPU
		Release|Any CPU = Release|Any CPU
	EndGlobalSection
	GlobalSection(ProjectConfigurationPlatforms) = postSolution
		{0C59CD0C-4425-8F6A-C911-97E726B40AA1}.Debug|Any CPU.ActiveCfg = Debug|Any CPU
		{0C59CD0C-4425-8F6A-C911-97E726B40AA1}.Debug|Any CPU.Build.0 = Debug|Any CPU
		{0C59CD0C-4425-8F6A-C911-97E726B40AA1}.Release|Any CPU.ActiveCfg = Release|Any CPU
		{0C59CD0C-4425-8F6A-C911-97E726B40AA1}.Release|Any CPU.Build.0 = Release|Any CPU
		{1A7D6099-AA52-71DF-0B43-F6A37EE8726F}.Debug|Any CPU.ActiveCfg = Debug|Any CPU
		{1A7D6099-AA52-71DF-0B43-F6A37EE8726F}.Debug|Any CPU.Build.0 = Debug|Any CPU
		{1A7D6099-AA52-71DF-0B43-F6A37EE8726F}.Release|Any CPU.ActiveCfg = Release|Any CPU
		{1A7D6099-AA52-71DF-0B43-F6A37EE8726F}.Release|Any CPU.Build.0 = Release|Any CPU
		{D78123B3-82A2-C0DD-8A90-D319C7CE67F4}.Debug|Any CPU.ActiveCfg = Debug|Any CPU
		{D78123B3-82A2-C0DD-8A90-D319C7CE67F4}.Debug|Any CPU.Build.0 = Debug|Any CPU
		{D78123B3-82A2-C0DD-8A90-D319C7CE67F4}.Release|Any CPU.ActiveCfg = Release|Any CPU
		{D78123B3-82A2-C0DD-8A90-D319C7CE67F4}.Release|Any CPU.Build.0 = Release|Any CPU
		{2E031B46-69A6-9A92-4589-907867A7D22C}.Debug|Any CPU.ActiveCfg = Debug|Any CPU
		{2E031B46-69A6-9A92-4589-907867A7D22C}.Debug|Any CPU.Build.0 = Debug|Any CPU
		{2E031B46-69A6-9A92-4589-907867A7D22C}.Release|Any CPU.ActiveCfg = Release|Any CPU
		{2E031B46-69A6-9A92-4589-907867A7D22C}.Release|Any CPU.Build.0 = Release|Any CPU
		{E3DF75B1-EC84-8DCC-A943-18206F72FF00}.Debug|Any CPU.ActiveCfg = Debug|Any CPU
		{E3DF75B1-EC84-8DCC-A943-18206F72FF00}.Debug|Any CPU.Build.0 = Debug|Any CPU
		{E3DF75B1-EC84-8DCC-A943-18206F72FF00}.Release|Any CPU.ActiveCfg = Release|Any CPU
		{E3DF75B1-EC84-8DCC-A943-18206F72FF00}.Release|Any CPU.Build.0 = Release|Any CPU
	EndGlobalSection
	GlobalSection(SolutionProperties) = preSolution
		HideSolutionNode = FALSE
	EndGlobalSection
	GlobalSection(NestedProjects) = preSolution
		{D06B949C-EBB3-6B25-845F-173682F8D6F2} = {827E0CD3-B72D-47B6-A68D-7590B98EB39B}
		{355F96E8-A44C-906C-B129-EC571FB21790} = {D06B949C-EBB3-6B25-845F-173682F8D6F2}
		{F0A7D77B-6039-100A-A872-45BAA7A46B78} = {355F96E8-A44C-906C-B129-EC571FB21790}
		{0C59CD0C-4425-8F6A-C911-97E726B40AA1} = {F0A7D77B-6039-100A-A872-45BAA7A46B78}
		{EAEDFFC8-D4D6-FFA4-1E49-4BD49A4442E6} = {355F96E8-A44C-906C-B129-EC571FB21790}
		{1A7D6099-AA52-71DF-0B43-F6A37EE8726F} = {EAEDFFC8-D4D6-FFA4-1E49-4BD49A4442E6}
		{64868A33-1EA2-58B7-08D5-BED73A966085} = {355F96E8-A44C-906C-B129-EC571FB21790}
		{D78123B3-82A2-C0DD-8A90-D319C7CE67F4} = {64868A33-1EA2-58B7-08D5-BED73A966085}
		{24C6A152-E05A-46CF-9705-B317FE908350} = {355F96E8-A44C-906C-B129-EC571FB21790}
		{2E031B46-69A6-9A92-4589-907867A7D22C} = {24C6A152-E05A-46CF-9705-B317FE908350}
		{DB6F73F1-D636-2B3A-FB1D-B35EC4F6FEEF} = {355F96E8-A44C-906C-B129-EC571FB21790}
		{E3DF75B1-EC84-8DCC-A943-18206F72FF00} = {DB6F73F1-D636-2B3A-FB1D-B35EC4F6FEEF}
	EndGlobalSection
	GlobalSection(ExtensibilityGlobals) = postSolution
		SolutionGuid = {D1D30421-AA86-4A10-9481-0A74006D50CF}
	EndGlobalSection
EndGlobal
